<?xml version="1.0" encoding="utf-8"?>
<Project ToolsVersion="4.0" xmlns="http://schemas.microsoft.com/developer/msbuild/2003">
  <ItemGroup>
    <Filter Include="소스 파일">
      <UniqueIdentifier>{4FC737F1-C7A5-4376-A066-2A32D752A2FF}</UniqueIdentifier>
      <Extensions>cpp;c;cc;cxx;c++;cppm;ixx;def;odl;idl;hpj;bat;asm;asmx</Extensions>
    </Filter>
    <Filter Include="헤더 파일">
      <UniqueIdentifier>{93995380-89BD-4b04-88EB-625FBE52EBFB}</UniqueIdentifier>
      <Extensions>h;hh;hpp;hxx;h++;hm;inl;inc;ipp;xsd</Extensions>
    </Filter>
    <Filter Include="리소스 파일">
      <UniqueIdentifier>{67DA6AB6-F800-4c08-8B7A-83BB121AAD01}</UniqueIdentifier>
      <Extensions>rc;ico;cur;bmp;dlg;rc2;rct;bin;rgs;gif;jpg;jpeg;jpe;resx;tiff;tif;png;wav;mfcribbon-ms</Extensions>
    </Filter>
  </ItemGroup>
  <ItemGroup>
    <ClCompile Include="Cpp_Prac.cpp">
      <Filter>소스 파일</Filter>
    </ClCompile>
    <ClCompile Include="DataStructure\Map\eMap.cpp">
      <Filter>소스 파일</Filter>
    </ClCompile>
    <ClCompile Include="DataStructure\LinkedList\eLinkedList.cpp">
      <Filter>소스 파일</Filter>
    </ClCompile>
    <ClCompile Include="DataStructure\Queue\eQueue.cpp">
      <Filter>소스 파일</Filter>
    </ClCompile>
    <ClCompile Include="DataStructure\Stack\eStack.cpp">
      <Filter>소스 파일</Filter>
    </ClCompile>
    <ClCompile Include="DataStructure\Tree\BinaryTree\eBinaryTree.cpp">
      <Filter>소스 파일</Filter>
    </ClCompile>
    <ClCompile Include="Format\Default\Standard.cpp">
      <Filter>소스 파일</Filter>
    </ClCompile>
    <ClCompile Include="Format\String\EString.cpp">
      <Filter>소스 파일</Filter>
    </ClCompile>
    <ClCompile Include="DataStructure\Queue\eArrayQueue.cpp">
      <Filter>소스 파일</Filter>
    </ClCompile>
    <ClCompile Include="DataStructure\DoubleEndQueue\eDeque.cpp">
      <Filter>소스 파일</Filter>
    </ClCompile>
    <ClCompile Include="DataStructure\Stack\Calculator\eCalculator.cpp">
      <Filter>소스 파일</Filter>
    </ClCompile>
    <ClCompile Include="DataStructure\Tree\ExpressionTree\eExpressionTree.cpp">
      <Filter>소스 파일</Filter>
    </ClCompile>
  </ItemGroup>
  <ItemGroup>
    <ClInclude Include="DataStructure\Map\eMap.h">
      <Filter>헤더 파일</Filter>
    </ClInclude>
    <ClInclude Include="DataStructure\LinkedList\eLinkedList.h">
      <Filter>헤더 파일</Filter>
    </ClInclude>
    <ClInclude Include="DataStructure\eNode.h">
      <Filter>헤더 파일</Filter>
    </ClInclude>
    <ClInclude Include="DataStructure\Queue\eQueue.h">
      <Filter>헤더 파일</Filter>
    </ClInclude>
    <ClInclude Include="DataStructure\Stack\eStack.h">
      <Filter>헤더 파일</Filter>
    </ClInclude>
    <ClInclude Include="DataStructure\Tree\BinaryTree\eBinaryTree.h">
      <Filter>헤더 파일</Filter>
    </ClInclude>
    <ClInclude Include="Format\Default\Standard.h">
      <Filter>헤더 파일</Filter>
    </ClInclude>
    <ClInclude Include="Format\String\EString.h">
      <Filter>헤더 파일</Filter>
    </ClInclude>
    <ClInclude Include="DataStructure\Queue\eArrayQueue.h">
      <Filter>헤더 파일</Filter>
    </ClInclude>
    <ClInclude Include="DataStructure\DoubleEndQueue\eDeque.h">
      <Filter>헤더 파일</Filter>
    </ClInclude>
    <ClInclude Include="DataStructure\Stack\Calculator\eCalculator.h">
      <Filter>헤더 파일</Filter>
    </ClInclude>
    <ClInclude Include="DataStructure\Tree\ExpressionTree\eExpressionTree.h">
      <Filter>헤더 파일</Filter>
    </ClInclude>
  </ItemGroup>
  <ItemGroup>
    <Text Include="DataStructure\LinkedList\Test.txt" />
    <Text Include="DataStructure\Queue\Test.txt" />
    <Text Include="Win32\Thread_MultiObject\Test.cpp" />
    <Text Include="DataStructure\Stack\Test.txt" />
    <Text Include="cpp\InsertValue.txt" />
    <Text Include="DataStructure\Queue\TestArray.txt" />
    <Text Include="DataStructure\DoubleEndQueue\Test.txt" />
    <Text Include="DataStructure\Tree\BinaryTree\Test.txt" />
    <Text Include="DataStructure\Stack\Calculator\Test.txt" />
  </ItemGroup>
</Project>